
Microsoft Visual Studio Solution File, Format Version 12.00
# Visual Studio Version 16
VisualStudioVersion = 16.0.32228.343
MinimumVisualStudioVersion = 10.0.40219.1
Project("{FAE04EC0-301F-11D3-BF4B-00C04F79EFBC}") = "App-Learn-Foreign-Language", "App-Learn-Foreign-Language\App-Learn-Foreign-Language.csproj", "{BF5E4CEB-2C3E-48A6-9A41-4534393163E8}"
EndProject
Project("{54435603-DBB4-11D2-8724-00A0C9A8B90C}") = "App-Learn-Foreign-Language-Setup", "App-Learn-Foreign-Language-Setup\App-Learn-Foreign-Language-Setup.vdproj", "{A37DD93C-1373-4269-9D0A-828B5402F798}"
EndProject
Global
	GlobalSection(SolutionConfigurationPlatforms) = preSolution
		Debug|Any CPU = Debug|Any CPU
		Debug|ARM = Debug|ARM
		Debug|ARM64 = Debug|ARM64
		Debug|x64 = Debug|x64
		Debug|x86 = Debug|x86
		Release|Any CPU = Release|Any CPU
		Release|ARM = Release|ARM
		Release|ARM64 = Release|ARM64
		Release|x64 = Release|x64
		Release|x86 = Release|x86
	EndGlobalSection
	GlobalSection(ProjectConfigurationPlatforms) = postSolution
		{BF5E4CEB-2C3E-48A6-9A41-4534393163E8}.Debug|Any CPU.ActiveCfg = Debug|Any CPU
		{BF5E4CEB-2C3E-48A6-9A41-4534393163E8}.Debug|Any CPU.Build.0 = Debug|Any CPU
		{BF5E4CEB-2C3E-48A6-9A41-4534393163E8}.Debug|ARM.ActiveCfg = Debug|Any CPU
		{BF5E4CEB-2C3E-48A6-9A41-4534393163E8}.Debug|ARM.Build.0 = Debug|Any CPU
		{BF5E4CEB-2C3E-48A6-9A41-4534393163E8}.Debug|ARM64.ActiveCfg = Debug|Any CPU
		{BF5E4CEB-2C3E-48A6-9A41-4534393163E8}.Debug|ARM64.Build.0 = Debug|Any CPU
		{BF5E4CEB-2C3E-48A6-9A41-4534393163E8}.Debug|x64.ActiveCfg = Debug|Any CPU
		{BF5E4CEB-2C3E-48A6-9A41-4534393163E8}.Debug|x64.Build.0 = Debug|Any CPU
		{BF5E4CEB-2C3E-48A6-9A41-4534393163E8}.Debug|x86.ActiveCfg = Debug|Any CPU
		{BF5E4CEB-2C3E-48A6-9A41-4534393163E8}.Debug|x86.Build.0 = Debug|Any CPU
		{BF5E4CEB-2C3E-48A6-9A41-4534393163E8}.Release|Any CPU.ActiveCfg = Release|Any CPU
		{BF5E4CEB-2C3E-48A6-9A41-4534393163E8}.Release|Any CPU.Build.0 = Release|Any CPU
		{BF5E4CEB-2C3E-48A6-9A41-4534393163E8}.Release|ARM.ActiveCfg = Release|Any CPU
		{BF5E4CEB-2C3E-48A6-9A41-4534393163E8}.Release|ARM.Build.0 = Release|Any CPU
		{BF5E4CEB-2C3E-48A6-9A41-4534393163E8}.Release|ARM64.ActiveCfg = Release|Any CPU
		{BF5E4CEB-2C3E-48A6-9A41-4534393163E8}.Release|ARM64.Build.0 = Release|Any CPU
		{BF5E4CEB-2C3E-48A6-9A41-4534393163E8}.Release|x64.ActiveCfg = Release|Any CPU
		{BF5E4CEB-2C3E-48A6-9A41-4534393163E8}.Release|x64.Build.0 = Release|Any CPU
		{BF5E4CEB-2C3E-48A6-9A41-4534393163E8}.Release|x86.ActiveCfg = Release|Any CPU
		{BF5E4CEB-2C3E-48A6-9A41-4534393163E8}.Release|x86.Build.0 = Release|Any CPU
		{A37DD93C-1373-4269-9D0A-828B5402F798}.Debug|Any CPU.ActiveCfg = Debug
		{A37DD93C-1373-4269-9D0A-828B5402F798}.Debug|ARM.ActiveCfg = Debug
		{A37DD93C-1373-4269-9D0A-828B5402F798}.Debug|ARM64.ActiveCfg = Debug
		{A37DD93C-1373-4269-9D0A-828B5402F798}.Debug|x64.ActiveCfg = Debug
		{A37DD93C-1373-4269-9D0A-828B5402F798}.Debug|x86.ActiveCfg = Debug
		{A37DD93C-1373-4269-9D0A-828B5402F798}.Release|Any CPU.ActiveCfg = Release
		{A37DD93C-1373-4269-9D0A-828B5402F798}.Release|ARM.ActiveCfg = Release
		{A37DD93C-1373-4269-9D0A-828B5402F798}.Release|ARM64.ActiveCfg = Release
		{A37DD93C-1373-4269-9D0A-828B5402F798}.Release|x64.ActiveCfg = Release
		{A37DD93C-1373-4269-9D0A-828B5402F798}.Release|x86.ActiveCfg = Release
	EndGlobalSection
	GlobalSection(SolutionProperties) = preSolution
		HideSolutionNode = FALSE
	EndGlobalSection
	GlobalSection(ExtensibilityGlobals) = postSolution
		SolutionGuid = {63ECCC20-4CF3-4D2F-969F-44DCBB1A5F9F}
	EndGlobalSection
EndGlobal
